
Microsoft Visual Studio Solution File, Format Version 12.00
# Visual Studio Version 17
VisualStudioVersion = 17.14.36518.9 d17.14
MinimumVisualStudioVersion = 10.0.40219.1
Project("{FAE04EC0-301F-11D3-BF4B-00C04F79EFBC}") = "NACE Match Build", "NACE Match Build.csproj", "{71186E93-5B31-49A5-A405-E9FE574FE73B}"
EndProject
Global
	GlobalSection(SolutionConfigurationPlatforms) = preSolution
		Debug|Any CPU = Debug|Any CPU
		Release|Any CPU = Release|Any CPU
	EndGlobalSection
	GlobalSection(ProjectConfigurationPlatforms) = postSolution
		{71186E93-5B31-49A5-A405-E9FE574FE73B}.Debug|Any CPU.ActiveCfg = Release|Any CPU
		{71186E93-5B31-49A5-A405-E9FE574FE73B}.Debug|Any CPU.Build.0 = Release|Any CPU
		{71186E93-5B31-49A5-A405-E9FE574FE73B}.Release|Any CPU.ActiveCfg = Release|Any CPU
		{71186E93-5B31-49A5-A405-E9FE574FE73B}.Release|Any CPU.Build.0 = Release|Any CPU
	EndGlobalSection
	GlobalSection(SolutionProperties) = preSolution
		HideSolutionNode = FALSE
	EndGlobalSection
	GlobalSection(ExtensibilityGlobals) = postSolution
		SolutionGuid = {3171BAC5-82E3-44C8-A5C4-6A744AA82381}
	EndGlobalSection
EndGlobal
